
Microsoft Visual Studio Solution File, Format Version 12.00
# Visual Studio Version 16
VisualStudioVersion = 16.0.34601.136
MinimumVisualStudioVersion = 10.0.40219.1
Project("{FAE04EC0-301F-11D3-BF4B-00C04F79EFBC}") = "Assessment1", "Assessment1\Assessment1.csproj", "{299DBA74-BD2C-454B-90AF-6520F2C9AEE7}"
EndProject
Global
	GlobalSection(SolutionConfigurationPlatforms) = preSolution
		Debug|Any CPU = Debug|Any CPU
		Release|Any CPU = Release|Any CPU
	EndGlobalSection
	GlobalSection(ProjectConfigurationPlatforms) = postSolution
		{299DBA74-BD2C-454B-90AF-6520F2C9AEE7}.Debug|Any CPU.ActiveCfg = Debug|Any CPU
		{299DBA74-BD2C-454B-90AF-6520F2C9AEE7}.Debug|Any CPU.Build.0 = Debug|Any CPU
		{299DBA74-BD2C-454B-90AF-6520F2C9AEE7}.Release|Any CPU.ActiveCfg = Release|Any CPU
		{299DBA74-BD2C-454B-90AF-6520F2C9AEE7}.Release|Any CPU.Build.0 = Release|Any CPU
	EndGlobalSection
	GlobalSection(SolutionProperties) = preSolution
		HideSolutionNode = FALSE
	EndGlobalSection
	GlobalSection(ExtensibilityGlobals) = postSolution
		SolutionGuid = {6BD1D566-CDCA-4ECE-B1D9-07B9A1843A73}
	EndGlobalSection
EndGlobal
