
Microsoft Visual Studio Solution File, Format Version 12.00
# Visual Studio Version 16
VisualStudioVersion = 16.0.34601.136
MinimumVisualStudioVersion = 10.0.40219.1
Project("{FAE04EC0-301F-11D3-BF4B-00C04F79EFBC}") = "Donet_Day4", "Donet_Day4\Donet_Day4.csproj", "{98FE59B3-0ADD-4B14-8E63-9EEED8D09E91}"
EndProject
Global
	GlobalSection(SolutionConfigurationPlatforms) = preSolution
		Debug|Any CPU = Debug|Any CPU
		Release|Any CPU = Release|Any CPU
	EndGlobalSection
	GlobalSection(ProjectConfigurationPlatforms) = postSolution
		{98FE59B3-0ADD-4B14-8E63-9EEED8D09E91}.Debug|Any CPU.ActiveCfg = Debug|Any CPU
		{98FE59B3-0ADD-4B14-8E63-9EEED8D09E91}.Debug|Any CPU.Build.0 = Debug|Any CPU
		{98FE59B3-0ADD-4B14-8E63-9EEED8D09E91}.Release|Any CPU.ActiveCfg = Release|Any CPU
		{98FE59B3-0ADD-4B14-8E63-9EEED8D09E91}.Release|Any CPU.Build.0 = Release|Any CPU
	EndGlobalSection
	GlobalSection(SolutionProperties) = preSolution
		HideSolutionNode = FALSE
	EndGlobalSection
	GlobalSection(ExtensibilityGlobals) = postSolution
		SolutionGuid = {1E8871C8-3475-439A-AA8B-65B0EDC71E9A}
	EndGlobalSection
EndGlobal
