
Microsoft Visual Studio Solution File, Format Version 12.00
# Visual Studio Version 16
VisualStudioVersion = 16.0.34601.136
MinimumVisualStudioVersion = 10.0.40219.1
Project("{FAE04EC0-301F-11D3-BF4B-00C04F79EFBC}") = "Dotnet_Day5", "Dotnet_Day5\Dotnet_Day5.csproj", "{D5ACF3FB-A89D-4CF8-B4EC-0DAFCAD7AE57}"
EndProject
Global
	GlobalSection(SolutionConfigurationPlatforms) = preSolution
		Debug|Any CPU = Debug|Any CPU
		Release|Any CPU = Release|Any CPU
	EndGlobalSection
	GlobalSection(ProjectConfigurationPlatforms) = postSolution
		{D5ACF3FB-A89D-4CF8-B4EC-0DAFCAD7AE57}.Debug|Any CPU.ActiveCfg = Debug|Any CPU
		{D5ACF3FB-A89D-4CF8-B4EC-0DAFCAD7AE57}.Debug|Any CPU.Build.0 = Debug|Any CPU
		{D5ACF3FB-A89D-4CF8-B4EC-0DAFCAD7AE57}.Release|Any CPU.ActiveCfg = Release|Any CPU
		{D5ACF3FB-A89D-4CF8-B4EC-0DAFCAD7AE57}.Release|Any CPU.Build.0 = Release|Any CPU
	EndGlobalSection
	GlobalSection(SolutionProperties) = preSolution
		HideSolutionNode = FALSE
	EndGlobalSection
	GlobalSection(ExtensibilityGlobals) = postSolution
		SolutionGuid = {B034DA3F-8DB4-4A79-B6CA-C5433A9DAA64}
	EndGlobalSection
EndGlobal
