
Microsoft Visual Studio Solution File, Format Version 12.00
# Visual Studio Version 16
VisualStudioVersion = 16.0.34601.136
MinimumVisualStudioVersion = 10.0.40219.1
Project("{FAE04EC0-301F-11D3-BF4B-00C04F79EFBC}") = "Concession", "Concession\Concession.csproj", "{9BF11284-9064-43E2-9A85-5A5849376962}"
EndProject
Project("{FAE04EC0-301F-11D3-BF4B-00C04F79EFBC}") = "ConcessionClient", "ConcessionClient\ConcessionClient.csproj", "{7D5644A7-1F5B-4789-AE3F-5FFB5FDBDE72}"
EndProject
Global
	GlobalSection(SolutionConfigurationPlatforms) = preSolution
		Debug|Any CPU = Debug|Any CPU
		Release|Any CPU = Release|Any CPU
	EndGlobalSection
	GlobalSection(ProjectConfigurationPlatforms) = postSolution
		{9BF11284-9064-43E2-9A85-5A5849376962}.Debug|Any CPU.ActiveCfg = Debug|Any CPU
		{9BF11284-9064-43E2-9A85-5A5849376962}.Debug|Any CPU.Build.0 = Debug|Any CPU
		{9BF11284-9064-43E2-9A85-5A5849376962}.Release|Any CPU.ActiveCfg = Release|Any CPU
		{9BF11284-9064-43E2-9A85-5A5849376962}.Release|Any CPU.Build.0 = Release|Any CPU
		{7D5644A7-1F5B-4789-AE3F-5FFB5FDBDE72}.Debug|Any CPU.ActiveCfg = Debug|Any CPU
		{7D5644A7-1F5B-4789-AE3F-5FFB5FDBDE72}.Debug|Any CPU.Build.0 = Debug|Any CPU
		{7D5644A7-1F5B-4789-AE3F-5FFB5FDBDE72}.Release|Any CPU.ActiveCfg = Release|Any CPU
		{7D5644A7-1F5B-4789-AE3F-5FFB5FDBDE72}.Release|Any CPU.Build.0 = Release|Any CPU
	EndGlobalSection
	GlobalSection(SolutionProperties) = preSolution
		HideSolutionNode = FALSE
	EndGlobalSection
	GlobalSection(ExtensibilityGlobals) = postSolution
		SolutionGuid = {4BFE4CC4-4262-4902-A4DC-DBCBA188209C}
	EndGlobalSection
EndGlobal
